
Microsoft Visual Studio Solution File, Format Version 12.00
# Visual Studio Version 17
VisualStudioVersion = 17.4.33205.214
MinimumVisualStudioVersion = 10.0.40219.1
Project("{FAE04EC0-301F-11D3-BF4B-00C04F79EFBC}") = "AddressBookSystem", "AddressBookSystem\AddressBookSystem.csproj", "{15EADB05-0366-4A86-A25E-1F013AD2EBEC}"
EndProject
Global
	GlobalSection(SolutionConfigurationPlatforms) = preSolution
		Debug|Any CPU = Debug|Any CPU
		Release|Any CPU = Release|Any CPU
	EndGlobalSection
	GlobalSection(ProjectConfigurationPlatforms) = postSolution
		{15EADB05-0366-4A86-A25E-1F013AD2EBEC}.Debug|Any CPU.ActiveCfg = Debug|Any CPU
		{15EADB05-0366-4A86-A25E-1F013AD2EBEC}.Debug|Any CPU.Build.0 = Debug|Any CPU
		{15EADB05-0366-4A86-A25E-1F013AD2EBEC}.Release|Any CPU.ActiveCfg = Release|Any CPU
		{15EADB05-0366-4A86-A25E-1F013AD2EBEC}.Release|Any CPU.Build.0 = Release|Any CPU
	EndGlobalSection
	GlobalSection(SolutionProperties) = preSolution
		HideSolutionNode = FALSE
	EndGlobalSection
	GlobalSection(ExtensibilityGlobals) = postSolution
		SolutionGuid = {3F535E46-93F0-46B3-BBFF-CEB76FCB52D7}
	EndGlobalSection
EndGlobal
